github.com/MrAndreID/gohelpers v1.4.4 h1:pjM8vfIRT7v3EmFcpYQMGOFMxjMzO6TnqhVpSimrZd8=
github.com/MrAndreID/gohelpers v1.4.4/go.mod h1:U4ApuIT/BLwUSaVVLiwv9Uq9mqhG4qtK4fdkHHXTwDo=
github.com/MrAndreID/golog v1.1.6 h1:cpGD9uk+wvIPfi7EJElFk4nTIQH8Hwy7KD8KivFem4k=
github.com/MrAndreID/golog v1.1.6/go.mod h1:yRBurH+Af1kxWJDFBHJc3tZ7CwspUQ4xby+mKfT8rTc=
