github.com/MrAndreID/gohelpers v1.2.0 h1:cOPBJqeVQeES/7GJX4xIDDO21qTzqmQwQLXbw0s1gFs=
github.com/MrAndreID/gohelpers v1.2.0/go.mod h1:pW+A5y9msgZd3oHvAZ6i28f6NgDnmYYKDKCks9HwlLU=
github.com/MrAndreID/gohelpers v1.4.1 h1:UNRwHmnyZE4Xx+1z9v6Lqc7yu/VkzNnaepR1Hk3OVZo=
github.com/MrAndreID/gohelpers v1.4.1/go.mod h1:pW+A5y9msgZd3oHvAZ6i28f6NgDnmYYKDKCks9HwlLU=
github.com/MrAndreID/gohelpers v1.4.2 h1:DWAFhWGfbFBsNHLga+1YixVX61Rc2gc8w8qvgeeFPV8=
github.com/MrAndreID/gohelpers v1.4.2/go.mod h1:GqvOrn4Sw4Q4UkvYHmzdi/nnwC1h2MTwjwJuYOT2wDQ=
github.com/MrAndreID/golog v1.1.3 h1:reBdJaxC82/f8FwUXshNJHaWOrohg9+SGTZbpCMXTQA=
github.com/MrAndreID/golog v1.1.3/go.mod h1:R8h/EjNn7QnF1ML9quZw9TMU896ae5nZx6e01Jqyx70=
github.com/MrAndreID/golog v1.1.4 h1:hQkVdZxRKiSFWiSw15Ck4S5j+t0Inbp2ectqJEjJL3g=
github.com/MrAndreID/golog v1.1.4/go.mod h1:R8h/EjNn7QnF1ML9quZw9TMU896ae5nZx6e01Jqyx70=
